
Microsoft Visual Studio Solution File, Format Version 12.00
# Visual Studio 15
VisualStudioVersion = 15.0.26430.4
MinimumVisualStudioVersion = 10.0.40219.1
Project("{FAE04EC0-301F-11D3-BF4B-00C04F79EFBC}") = "Capa Datos", "bdGnsis\Capa Datos.csproj", "{6E6DF7D0-C535-4AB4-951C-81B600AAA648}"
EndProject
Project("{FAE04EC0-301F-11D3-BF4B-00C04F79EFBC}") = "Capa Entidades", "lgGnsis\Capa Entidades.csproj", "{101CD8A8-EA25-4CD9-B323-B8894EE2F8DE}"
EndProject
Project("{FAE04EC0-301F-11D3-BF4B-00C04F79EFBC}") = "Aplicacion", "Gnsis\Aplicacion.csproj", "{91F515AE-6CB4-47D6-AC72-AD9603AEABF7}"
EndProject
Project("{FAE04EC0-301F-11D3-BF4B-00C04F79EFBC}") = "Capa Logica", "Capa Logica\Capa Logica.csproj", "{C2940206-583D-4D1B-8B09-75FA5166DFA8}"
EndProject
Global
	GlobalSection(SolutionConfigurationPlatforms) = preSolution
		Debug|Any CPU = Debug|Any CPU
		Debug|ARM = Debug|ARM
		Debug|x64 = Debug|x64
		Debug|x86 = Debug|x86
		Release|Any CPU = Release|Any CPU
		Release|ARM = Release|ARM
		Release|x64 = Release|x64
		Release|x86 = Release|x86
	EndGlobalSection
	GlobalSection(ProjectConfigurationPlatforms) = postSolution
		{6E6DF7D0-C535-4AB4-951C-81B600AAA648}.Debug|Any CPU.ActiveCfg = Debug|Any CPU
		{6E6DF7D0-C535-4AB4-951C-81B600AAA648}.Debug|Any CPU.Build.0 = Debug|Any CPU
		{6E6DF7D0-C535-4AB4-951C-81B600AAA648}.Debug|ARM.ActiveCfg = Debug|Any CPU
		{6E6DF7D0-C535-4AB4-951C-81B600AAA648}.Debug|ARM.Build.0 = Debug|Any CPU
		{6E6DF7D0-C535-4AB4-951C-81B600AAA648}.Debug|x64.ActiveCfg = Debug|Any CPU
		{6E6DF7D0-C535-4AB4-951C-81B600AAA648}.Debug|x64.Build.0 = Debug|Any CPU
		{6E6DF7D0-C535-4AB4-951C-81B600AAA648}.Debug|x86.ActiveCfg = Debug|Any CPU
		{6E6DF7D0-C535-4AB4-951C-81B600AAA648}.Debug|x86.Build.0 = Debug|Any CPU
		{6E6DF7D0-C535-4AB4-951C-81B600AAA648}.Release|Any CPU.ActiveCfg = Release|Any CPU
		{6E6DF7D0-C535-4AB4-951C-81B600AAA648}.Release|Any CPU.Build.0 = Release|Any CPU
		{6E6DF7D0-C535-4AB4-951C-81B600AAA648}.Release|ARM.ActiveCfg = Release|Any CPU
		{6E6DF7D0-C535-4AB4-951C-81B600AAA648}.Release|ARM.Build.0 = Release|Any CPU
		{6E6DF7D0-C535-4AB4-951C-81B600AAA648}.Release|x64.ActiveCfg = Release|Any CPU
		{6E6DF7D0-C535-4AB4-951C-81B600AAA648}.Release|x64.Build.0 = Release|Any CPU
		{6E6DF7D0-C535-4AB4-951C-81B600AAA648}.Release|x86.ActiveCfg = Release|Any CPU
		{6E6DF7D0-C535-4AB4-951C-81B600AAA648}.Release|x86.Build.0 = Release|Any CPU
		{101CD8A8-EA25-4CD9-B323-B8894EE2F8DE}.Debug|Any CPU.ActiveCfg = Debug|Any CPU
		{101CD8A8-EA25-4CD9-B323-B8894EE2F8DE}.Debug|Any CPU.Build.0 = Debug|Any CPU
		{101CD8A8-EA25-4CD9-B323-B8894EE2F8DE}.Debug|ARM.ActiveCfg = Debug|Any CPU
		{101CD8A8-EA25-4CD9-B323-B8894EE2F8DE}.Debug|ARM.Build.0 = Debug|Any CPU
		{101CD8A8-EA25-4CD9-B323-B8894EE2F8DE}.Debug|x64.ActiveCfg = Debug|Any CPU
		{101CD8A8-EA25-4CD9-B323-B8894EE2F8DE}.Debug|x64.Build.0 = Debug|Any CPU
		{101CD8A8-EA25-4CD9-B323-B8894EE2F8DE}.Debug|x86.ActiveCfg = Debug|Any CPU
		{101CD8A8-EA25-4CD9-B323-B8894EE2F8DE}.Debug|x86.Build.0 = Debug|Any CPU
		{101CD8A8-EA25-4CD9-B323-B8894EE2F8DE}.Release|Any CPU.ActiveCfg = Release|Any CPU
		{101CD8A8-EA25-4CD9-B323-B8894EE2F8DE}.Release|Any CPU.Build.0 = Release|Any CPU
		{101CD8A8-EA25-4CD9-B323-B8894EE2F8DE}.Release|ARM.ActiveCfg = Release|Any CPU
		{101CD8A8-EA25-4CD9-B323-B8894EE2F8DE}.Release|ARM.Build.0 = Release|Any CPU
		{101CD8A8-EA25-4CD9-B323-B8894EE2F8DE}.Release|x64.ActiveCfg = Release|Any CPU
		{101CD8A8-EA25-4CD9-B323-B8894EE2F8DE}.Release|x64.Build.0 = Release|Any CPU
		{101CD8A8-EA25-4CD9-B323-B8894EE2F8DE}.Release|x86.ActiveCfg = Release|Any CPU
		{101CD8A8-EA25-4CD9-B323-B8894EE2F8DE}.Release|x86.Build.0 = Release|Any CPU
		{91F515AE-6CB4-47D6-AC72-AD9603AEABF7}.Debug|Any CPU.ActiveCfg = Debug|Any CPU
		{91F515AE-6CB4-47D6-AC72-AD9603AEABF7}.Debug|Any CPU.Build.0 = Debug|Any CPU
		{91F515AE-6CB4-47D6-AC72-AD9603AEABF7}.Debug|ARM.ActiveCfg = Debug|Any CPU
		{91F515AE-6CB4-47D6-AC72-AD9603AEABF7}.Debug|ARM.Build.0 = Debug|Any CPU
		{91F515AE-6CB4-47D6-AC72-AD9603AEABF7}.Debug|x64.ActiveCfg = Debug|Any CPU
		{91F515AE-6CB4-47D6-AC72-AD9603AEABF7}.Debug|x64.Build.0 = Debug|Any CPU
		{91F515AE-6CB4-47D6-AC72-AD9603AEABF7}.Debug|x86.ActiveCfg = Debug|Any CPU
		{91F515AE-6CB4-47D6-AC72-AD9603AEABF7}.Debug|x86.Build.0 = Debug|Any CPU
		{91F515AE-6CB4-47D6-AC72-AD9603AEABF7}.Release|Any CPU.ActiveCfg = Release|Any CPU
		{91F515AE-6CB4-47D6-AC72-AD9603AEABF7}.Release|Any CPU.Build.0 = Release|Any CPU
		{91F515AE-6CB4-47D6-AC72-AD9603AEABF7}.Release|ARM.ActiveCfg = Release|Any CPU
		{91F515AE-6CB4-47D6-AC72-AD9603AEABF7}.Release|ARM.Build.0 = Release|Any CPU
		{91F515AE-6CB4-47D6-AC72-AD9603AEABF7}.Release|x64.ActiveCfg = Release|Any CPU
		{91F515AE-6CB4-47D6-AC72-AD9603AEABF7}.Release|x64.Build.0 = Release|Any CPU
		{91F515AE-6CB4-47D6-AC72-AD9603AEABF7}.Release|x86.ActiveCfg = Release|Any CPU
		{91F515AE-6CB4-47D6-AC72-AD9603AEABF7}.Release|x86.Build.0 = Release|Any CPU
		{C2940206-583D-4D1B-8B09-75FA5166DFA8}.Debug|Any CPU.ActiveCfg = Debug|Any CPU
		{C2940206-583D-4D1B-8B09-75FA5166DFA8}.Debug|Any CPU.Build.0 = Debug|Any CPU
		{C2940206-583D-4D1B-8B09-75FA5166DFA8}.Debug|ARM.ActiveCfg = Debug|Any CPU
		{C2940206-583D-4D1B-8B09-75FA5166DFA8}.Debug|ARM.Build.0 = Debug|Any CPU
		{C2940206-583D-4D1B-8B09-75FA5166DFA8}.Debug|x64.ActiveCfg = Debug|Any CPU
		{C2940206-583D-4D1B-8B09-75FA5166DFA8}.Debug|x64.Build.0 = Debug|Any CPU
		{C2940206-583D-4D1B-8B09-75FA5166DFA8}.Debug|x86.ActiveCfg = Debug|Any CPU
		{C2940206-583D-4D1B-8B09-75FA5166DFA8}.Debug|x86.Build.0 = Debug|Any CPU
		{C2940206-583D-4D1B-8B09-75FA5166DFA8}.Release|Any CPU.ActiveCfg = Release|Any CPU
		{C2940206-583D-4D1B-8B09-75FA5166DFA8}.Release|Any CPU.Build.0 = Release|Any CPU
		{C2940206-583D-4D1B-8B09-75FA5166DFA8}.Release|ARM.ActiveCfg = Release|Any CPU
		{C2940206-583D-4D1B-8B09-75FA5166DFA8}.Release|ARM.Build.0 = Release|Any CPU
		{C2940206-583D-4D1B-8B09-75FA5166DFA8}.Release|x64.ActiveCfg = Release|Any CPU
		{C2940206-583D-4D1B-8B09-75FA5166DFA8}.Release|x64.Build.0 = Release|Any CPU
		{C2940206-583D-4D1B-8B09-75FA5166DFA8}.Release|x86.ActiveCfg = Release|Any CPU
		{C2940206-583D-4D1B-8B09-75FA5166DFA8}.Release|x86.Build.0 = Release|Any CPU
	EndGlobalSection
	GlobalSection(SolutionProperties) = preSolution
		HideSolutionNode = FALSE
	EndGlobalSection
EndGlobal
